{
  "nodes": {
    "nixpkgs": {
      "locked": {
        "lastModified": 1736134818,
        "narHash": "sha256-30sOEZ8CFK2nTTMdkhaNrfVlIi3rWTNV0Z5z+NmpFNI=",
        "owner": "NixOS",
        "repo": "nixpkgs",
        "rev": "3df3c47c19dc90fec35359e89ffb52b34d2b0e94",
        "type": "github"
      },
      "original": {
        "id": "nixpkgs",
        "ref": "nixpkgs-unstable",
        "type": "indirect"
      }
    },
    "root": {
      "inputs": {
        "nixpkgs": "nixpkgs",
        "the1lab": "the1lab"
      }
    },
    "the1lab": {
      "flake": false,
      "locked": {
        "lastModified": 1740424473,
        "narHash": "sha256-E933U8qGoCdxe97MxSkdDnifRMG3KfIcUyTs+N4iujU=",
        "owner": "the1lab",
        "repo": "1lab",
        "rev": "1fee7e54ac6aaad34eedf1930d7be3f619c6199d",
        "type": "github"
      },
      "original": {
        "owner": "the1lab",
        "repo": "1lab",
        "type": "github"
      }
    }
  },
  "root": "root",
  "version": 7
}
